<?xml version="1.0" encoding="utf-8"?>
<Project ToolsVersion="4.0" xmlns="http://schemas.microsoft.com/developer/msbuild/2003">
  <ItemGroup>
    <ClCompile Include="main.cpp" />
    <ClCompile Include="..\..\utilites\glmath.cpp" />
    <ClCompile Include="voxel.cpp" />
    <ClCompile Include="camera.cpp">
      <Filter>camera</Filter>
    </ClCompile>
    <ClCompile Include="..\..\utilites\CBitmapFont.cpp" />
    <ClCompile Include="CChunksManager.cpp" />
    <ClCompile Include="region_saver.cpp" />
    <ClCompile Include="SimplexNoise.cpp" />
  </ItemGroup>
  <ItemGroup>
    <ClInclude Include="SimplexNoise.h" />
    <ClInclude Include="..\..\utilites\glmath.h" />
    <ClInclude Include="..\..\utilites\utmath.h" />
    <ClInclude Include="voxel.h" />
    <ClInclude Include="camera.h">
      <Filter>camera</Filter>
    </ClInclude>
    <ClInclude Include="..\..\utilites\CBitmapFont.h" />
    <ClInclude Include="CChunksManager.h" />
    <ClInclude Include="..\..\utilites\texture.h" />
    <ClInclude Include="region_saver.h" />
    <ClInclude Include="CPerfomanceCalculator.h" />
    <ClInclude Include="thread.h" />
  </ItemGroup>
  <ItemGroup>
    <Filter Include="camera">
      <UniqueIdentifier>{7ad3d192-93a0-4bbb-92e4-efff299d26f4}</UniqueIdentifier>
    </Filter>
  </ItemGroup>
</Project>